// !$*UTF8*$!
{
	archiveVersion = 1;
	classes = {
	};
	objectVersion = 51;
	objects = {

/* Begin PBXBuildFile section */
		2C018BE922D23830000BFCCA /* FreeMapController.swift in Sources */ = {isa = PBXBuildFile; fileRef = 2C018BE822D23830000BFCCA /* FreeMapController.swift */; };
		2C018BEB22D3C67B000BFCCA /* ItineraryTableViewController.swift in Sources */ = {isa = PBXBuildFile; fileRef = 2C018BEA22D3C67B000BFCCA /* ItineraryTableViewController.swift */; };
		2C018BEF22D3D54F000BFCCA /* ItineraryStartController.swift in Sources */ = {isa = PBXBuildFile; fileRef = 2C018BEE22D3D54F000BFCCA /* ItineraryStartController.swift */; };
		2C202D8F22CB3E7E00E160BF /* Itinerary.swift in Sources */ = {isa = PBXBuildFile; fileRef = 2C202D8E22CB3E7E00E160BF /* Itinerary.swift */; };
		2C33933222C9C63900A1F87B /* NavigationController.swift in Sources */ = {isa = PBXBuildFile; fileRef = 2C33933122C9C63900A1F87B /* NavigationController.swift */; };
		2CEF788A22D44FAB006D6DE1 /* ItineraryCell.swift in Sources */ = {isa = PBXBuildFile; fileRef = 2CEF788922D44FAB006D6DE1 /* ItineraryCell.swift */; };
		2CEF788C22D44FCE006D6DE1 /* DayCell.swift in Sources */ = {isa = PBXBuildFile; fileRef = 2CEF788B22D44FCE006D6DE1 /* DayCell.swift */; };
		2CEF788E22D44FFE006D6DE1 /* ItineraryViewController.swift in Sources */ = {isa = PBXBuildFile; fileRef = 2CEF788D22D44FFE006D6DE1 /* ItineraryViewController.swift */; };
		2CEF789022D4531B006D6DE1 /* TaskCell.swift in Sources */ = {isa = PBXBuildFile; fileRef = 2CEF788F22D4531B006D6DE1 /* TaskCell.swift */; };
		2CFF88E122CD2FA600D326C6 /* FirebaseDBController.swift in Sources */ = {isa = PBXBuildFile; fileRef = 2CFF88E022CD2FA600D326C6 /* FirebaseDBController.swift */; };
		5128884322CF2CD900EE271C /* CameraController.swift in Sources */ = {isa = PBXBuildFile; fileRef = 5128884222CF2CD900EE271C /* CameraController.swift */; };
		513972DB22D8276E001F9B1D /* FirebaseLogInController.swift in Sources */ = {isa = PBXBuildFile; fileRef = 513972DA22D8276E001F9B1D /* FirebaseLogInController.swift */; };
		513BE53E22C9C47000865C08 /* nearby.swift in Sources */ = {isa = PBXBuildFile; fileRef = 513BE53D22C9C47000865C08 /* nearby.swift */; };
		5140F0A422BB5F97007D340A /* GoogleService-Info.plist in Resources */ = {isa = PBXBuildFile; fileRef = 5140F0A322BB5F97007D340A /* GoogleService-Info.plist */; };
		5152AFC522D33B2E0062571B /* MapState.swift in Sources */ = {isa = PBXBuildFile; fileRef = 5152AFC422D33B2E0062571B /* MapState.swift */; };
		5174F422229D0FF500D45601 /* AppDelegate.swift in Sources */ = {isa = PBXBuildFile; fileRef = 5174F421229D0FF500D45601 /* AppDelegate.swift */; };
		5174F424229D0FF500D45601 /* ViewController.swift in Sources */ = {isa = PBXBuildFile; fileRef = 5174F423229D0FF500D45601 /* ViewController.swift */; };
		5174F427229D0FF500D45601 /* Main.storyboard in Resources */ = {isa = PBXBuildFile; fileRef = 5174F425229D0FF500D45601 /* Main.storyboard */; };
		5174F429229D0FF500D45601 /* Assets.xcassets in Resources */ = {isa = PBXBuildFile; fileRef = 5174F428229D0FF500D45601 /* Assets.xcassets */; };
		5174F42C229D0FF500D45601 /* LaunchScreen.storyboard in Resources */ = {isa = PBXBuildFile; fileRef = 5174F42A229D0FF500D45601 /* LaunchScreen.storyboard */; };
		517BC63E22C5B108003F5921 /* geocode.swift in Sources */ = {isa = PBXBuildFile; fileRef = 517BC63D22C5B108003F5921 /* geocode.swift */; };
		5189CA7022E56754000D41C3 /* Day.swift in Sources */ = {isa = PBXBuildFile; fileRef = 5189CA6F22E56754000D41C3 /* Day.swift */; };
		5189CA7222E56C85000D41C3 /* Task.swift in Sources */ = {isa = PBXBuildFile; fileRef = 5189CA7122E56C85000D41C3 /* Task.swift */; };
		51A9A7C622A0D3B80038B937 /* FirstViewController.swift in Sources */ = {isa = PBXBuildFile; fileRef = 51A9A7C522A0D3B80038B937 /* FirstViewController.swift */; };
		51D855A522BA0DF3007A5E7B /* ChatController.swift in Sources */ = {isa = PBXBuildFile; fileRef = 51D855A422BA0DF3007A5E7B /* ChatController.swift */; };
		51EDD9D322D2EADA00C20CA1 /* GoogleTranslate.swift in Sources */ = {isa = PBXBuildFile; fileRef = 51EDD9D222D2EADA00C20CA1 /* GoogleTranslate.swift */; };
		51EDD9D522D4509D00C20CA1 /* GetWeather.swift in Sources */ = {isa = PBXBuildFile; fileRef = 51EDD9D422D4509D00C20CA1 /* GetWeather.swift */; };
		51F3863D22DDA09D00DC5F7A /* detailscontroller.swift in Sources */ = {isa = PBXBuildFile; fileRef = 51F3863C22DDA09C00DC5F7A /* detailscontroller.swift */; };
		C9E21ECC8A48C2AB66B2CB4A /* Pods_trace.framework in Frameworks */ = {isa = PBXBuildFile; fileRef = C7EF63071897B93B38433B4E /* Pods_trace.framework */; };
/* End PBXBuildFile section */

/* Begin PBXFileReference section */
		2C018BE822D23830000BFCCA /* FreeMapController.swift */ = {isa = PBXFileReference; lastKnownFileType = sourcecode.swift; path = FreeMapController.swift; sourceTree = "<group>"; };
		2C018BEA22D3C67B000BFCCA /* ItineraryTableViewController.swift */ = {isa = PBXFileReference; lastKnownFileType = sourcecode.swift; path = ItineraryTableViewController.swift; sourceTree = "<group>"; };
		2C018BEE22D3D54F000BFCCA /* ItineraryStartController.swift */ = {isa = PBXFileReference; lastKnownFileType = sourcecode.swift; path = ItineraryStartController.swift; sourceTree = "<group>"; };
		2C202D8E22CB3E7E00E160BF /* Itinerary.swift */ = {isa = PBXFileReference; lastKnownFileType = sourcecode.swift; path = Itinerary.swift; sourceTree = "<group>"; };
		2C33933122C9C63900A1F87B /* NavigationController.swift */ = {isa = PBXFileReference; lastKnownFileType = sourcecode.swift; path = NavigationController.swift; sourceTree = "<group>"; };
		2CEF788922D44FAB006D6DE1 /* ItineraryCell.swift */ = {isa = PBXFileReference; lastKnownFileType = sourcecode.swift; path = ItineraryCell.swift; sourceTree = "<group>"; };
		2CEF788B22D44FCE006D6DE1 /* DayCell.swift */ = {isa = PBXFileReference; lastKnownFileType = sourcecode.swift; path = DayCell.swift; sourceTree = "<group>"; };
		2CEF788D22D44FFE006D6DE1 /* ItineraryViewController.swift */ = {isa = PBXFileReference; lastKnownFileType = sourcecode.swift; path = ItineraryViewController.swift; sourceTree = "<group>"; };
		2CEF788F22D4531B006D6DE1 /* TaskCell.swift */ = {isa = PBXFileReference; lastKnownFileType = sourcecode.swift; path = TaskCell.swift; sourceTree = "<group>"; };
		2CFF88E022CD2FA600D326C6 /* FirebaseDBController.swift */ = {isa = PBXFileReference; lastKnownFileType = sourcecode.swift; path = FirebaseDBController.swift; sourceTree = "<group>"; };
		45C2F2CFD0F2A705B1E65211 /* Pods-trace.release.xcconfig */ = {isa = PBXFileReference; includeInIndex = 1; lastKnownFileType = text.xcconfig; name = "Pods-trace.release.xcconfig"; path = "Target Support Files/Pods-trace/Pods-trace.release.xcconfig"; sourceTree = "<group>"; };
		5128884222CF2CD900EE271C /* CameraController.swift */ = {isa = PBXFileReference; lastKnownFileType = sourcecode.swift; path = CameraController.swift; sourceTree = "<group>"; };
		513972DA22D8276E001F9B1D /* FirebaseLogInController.swift */ = {isa = PBXFileReference; lastKnownFileType = sourcecode.swift; path = FirebaseLogInController.swift; sourceTree = "<group>"; };
		513BE53D22C9C47000865C08 /* nearby.swift */ = {isa = PBXFileReference; fileEncoding = 4; lastKnownFileType = sourcecode.swift; path = nearby.swift; sourceTree = "<group>"; };
		5140F0A322BB5F97007D340A /* GoogleService-Info.plist */ = {isa = PBXFileReference; fileEncoding = 4; lastKnownFileType = text.plist.xml; path = "GoogleService-Info.plist"; sourceTree = "<group>"; };
		5152AFC422D33B2E0062571B /* MapState.swift */ = {isa = PBXFileReference; lastKnownFileType = sourcecode.swift; path = MapState.swift; sourceTree = "<group>"; };
		5174F41E229D0FF500D45601 /* trace.app */ = {isa = PBXFileReference; explicitFileType = wrapper.application; includeInIndex = 0; path = trace.app; sourceTree = BUILT_PRODUCTS_DIR; };
		5174F421229D0FF500D45601 /* AppDelegate.swift */ = {isa = PBXFileReference; lastKnownFileType = sourcecode.swift; path = AppDelegate.swift; sourceTree = "<group>"; };
		5174F423229D0FF500D45601 /* ViewController.swift */ = {isa = PBXFileReference; lastKnownFileType = sourcecode.swift; path = ViewController.swift; sourceTree = "<group>"; };
		5174F426229D0FF500D45601 /* Base */ = {isa = PBXFileReference; lastKnownFileType = file.storyboard; name = Base; path = Base.lproj/Main.storyboard; sourceTree = "<group>"; };
		5174F428229D0FF500D45601 /* Assets.xcassets */ = {isa = PBXFileReference; lastKnownFileType = folder.assetcatalog; path = Assets.xcassets; sourceTree = "<group>"; };
		5174F42B229D0FF500D45601 /* Base */ = {isa = PBXFileReference; lastKnownFileType = file.storyboard; name = Base; path = Base.lproj/LaunchScreen.storyboard; sourceTree = "<group>"; };
		5174F42D229D0FF500D45601 /* Info.plist */ = {isa = PBXFileReference; lastKnownFileType = text.plist.xml; path = Info.plist; sourceTree = "<group>"; };
		517BC63D22C5B108003F5921 /* geocode.swift */ = {isa = PBXFileReference; lastKnownFileType = sourcecode.swift; path = geocode.swift; sourceTree = "<group>"; };
		5189CA6F22E56754000D41C3 /* Day.swift */ = {isa = PBXFileReference; lastKnownFileType = sourcecode.swift; path = Day.swift; sourceTree = "<group>"; };
		5189CA7122E56C85000D41C3 /* Task.swift */ = {isa = PBXFileReference; lastKnownFileType = sourcecode.swift; path = Task.swift; sourceTree = "<group>"; };
		51A9A7C522A0D3B80038B937 /* FirstViewController.swift */ = {isa = PBXFileReference; lastKnownFileType = sourcecode.swift; path = FirstViewController.swift; sourceTree = "<group>"; };
		51D855A422BA0DF3007A5E7B /* ChatController.swift */ = {isa = PBXFileReference; lastKnownFileType = sourcecode.swift; path = ChatController.swift; sourceTree = "<group>"; };
		51EDD9D222D2EADA00C20CA1 /* GoogleTranslate.swift */ = {isa = PBXFileReference; lastKnownFileType = sourcecode.swift; path = GoogleTranslate.swift; sourceTree = "<group>"; };
		51EDD9D422D4509D00C20CA1 /* GetWeather.swift */ = {isa = PBXFileReference; lastKnownFileType = sourcecode.swift; path = GetWeather.swift; sourceTree = "<group>"; };
		51F3863C22DDA09C00DC5F7A /* detailscontroller.swift */ = {isa = PBXFileReference; fileEncoding = 4; lastKnownFileType = sourcecode.swift; path = detailscontroller.swift; sourceTree = "<group>"; };
		75C1F50FE0B2B2B4D8D9F175 /* Pods-trace.debug.xcconfig */ = {isa = PBXFileReference; includeInIndex = 1; lastKnownFileType = text.xcconfig; name = "Pods-trace.debug.xcconfig"; path = "Target Support Files/Pods-trace/Pods-trace.debug.xcconfig"; sourceTree = "<group>"; };
		C7EF63071897B93B38433B4E /* Pods_trace.framework */ = {isa = PBXFileReference; explicitFileType = wrapper.framework; includeInIndex = 0; path = Pods_trace.framework; sourceTree = BUILT_PRODUCTS_DIR; };
/* End PBXFileReference section */

/* Begin PBXFrameworksBuildPhase section */
		5174F41B229D0FF500D45601 /* Frameworks */ = {
			isa = PBXFrameworksBuildPhase;
			buildActionMask = 2147483647;
			files = (
				C9E21ECC8A48C2AB66B2CB4A /* Pods_trace.framework in Frameworks */,
			);
			runOnlyForDeploymentPostprocessing = 0;
		};
/* End PBXFrameworksBuildPhase section */

/* Begin PBXGroup section */
		2C202D8B22CB328800E160BF /* Model */ = {
			isa = PBXGroup;
			children = (
				2C202D8E22CB3E7E00E160BF /* Itinerary.swift */,
				5152AFC422D33B2E0062571B /* MapState.swift */,
				5189CA6F22E56754000D41C3 /* Day.swift */,
				5189CA7122E56C85000D41C3 /* Task.swift */,
			);
			path = Model;
			sourceTree = "<group>";
		};
		2C202D8D22CB329A00E160BF /* Controller */ = {
			isa = PBXGroup;
			children = (
				51A9A7C522A0D3B80038B937 /* FirstViewController.swift */,
				51D855A422BA0DF3007A5E7B /* ChatController.swift */,
				517BC63D22C5B108003F5921 /* geocode.swift */,
				5174F423229D0FF500D45601 /* ViewController.swift */,
				51F3863C22DDA09C00DC5F7A /* detailscontroller.swift */,
				513BE53D22C9C47000865C08 /* nearby.swift */,
				2C018BE822D23830000BFCCA /* FreeMapController.swift */,
				2C018BEA22D3C67B000BFCCA /* ItineraryTableViewController.swift */,
				2C33933122C9C63900A1F87B /* NavigationController.swift */,
				51EDD9D422D4509D00C20CA1 /* GetWeather.swift */,
				5128884222CF2CD900EE271C /* CameraController.swift */,
				51EDD9D222D2EADA00C20CA1 /* GoogleTranslate.swift */,
				2C018BEE22D3D54F000BFCCA /* ItineraryStartController.swift */,
				2CEF788D22D44FFE006D6DE1 /* ItineraryViewController.swift */,
				513972DA22D8276E001F9B1D /* FirebaseLogInController.swift */,
			);
			path = Controller;
			sourceTree = "<group>";
		};
		2CEF788822D44F78006D6DE1 /* View */ = {
			isa = PBXGroup;
			children = (
				2CEF788922D44FAB006D6DE1 /* ItineraryCell.swift */,
				2CEF788B22D44FCE006D6DE1 /* DayCell.swift */,
				2CEF788F22D4531B006D6DE1 /* TaskCell.swift */,
			);
			path = View;
			sourceTree = "<group>";
		};
		2CFF88DF22CD2F7500D326C6 /* DataController */ = {
			isa = PBXGroup;
			children = (
				2CFF88E022CD2FA600D326C6 /* FirebaseDBController.swift */,
			);
			path = DataController;
			sourceTree = "<group>";
		};
		5174F415229D0FF500D45601 = {
			isa = PBXGroup;
			children = (
				5174F420229D0FF500D45601 /* trace */,
				5174F41F229D0FF500D45601 /* Products */,
				6F252FA6B0CEE006F0615D25 /* Pods */,
				9BF42C5B1C9C2CE25A6391A0 /* Frameworks */,
				51B994B122D480E300AA4207 /* Recovered References */,
			);
			sourceTree = "<group>";
		};
		5174F41F229D0FF500D45601 /* Products */ = {
			isa = PBXGroup;
			children = (
				5174F41E229D0FF500D45601 /* trace.app */,
			);
			name = Products;
			sourceTree = "<group>";
		};
		5174F420229D0FF500D45601 /* trace */ = {
			isa = PBXGroup;
			children = (
				2CFF88DF22CD2F7500D326C6 /* DataController */,
				2C202D8D22CB329A00E160BF /* Controller */,
				2C202D8B22CB328800E160BF /* Model */,
				2CEF788822D44F78006D6DE1 /* View */,
				5140F0A322BB5F97007D340A /* GoogleService-Info.plist */,
				5174F421229D0FF500D45601 /* AppDelegate.swift */,
				5174F425229D0FF500D45601 /* Main.storyboard */,
				5174F428229D0FF500D45601 /* Assets.xcassets */,
				5174F42A229D0FF500D45601 /* LaunchScreen.storyboard */,
				5174F42D229D0FF500D45601 /* Info.plist */,
			);
			path = trace;
			sourceTree = "<group>";
		};
		51B994B122D480E300AA4207 /* Recovered References */ = {
			isa = PBXGroup;
			children = (
			);
			name = "Recovered References";
			sourceTree = "<group>";
		};
		6F252FA6B0CEE006F0615D25 /* Pods */ = {
			isa = PBXGroup;
			children = (
				75C1F50FE0B2B2B4D8D9F175 /* Pods-trace.debug.xcconfig */,
				45C2F2CFD0F2A705B1E65211 /* Pods-trace.release.xcconfig */,
			);
			path = Pods;
			sourceTree = "<group>";
		};
		9BF42C5B1C9C2CE25A6391A0 /* Frameworks */ = {
			isa = PBXGroup;
			children = (
				C7EF63071897B93B38433B4E /* Pods_trace.framework */,
			);
			name = Frameworks;
			sourceTree = "<group>";
		};
/* End PBXGroup section */

/* Begin PBXNativeTarget section */
		5174F41D229D0FF500D45601 /* trace */ = {
			isa = PBXNativeTarget;
			buildConfigurationList = 5174F430229D0FF500D45601 /* Build configuration list for PBXNativeTarget "trace" */;
			buildPhases = (
				A9DDBD2D3E228C3731A5FF51 /* [CP] Check Pods Manifest.lock */,
				5174F41A229D0FF500D45601 /* Sources */,
				5174F41B229D0FF500D45601 /* Frameworks */,
				5174F41C229D0FF500D45601 /* Resources */,
				F108C38EC5ED739EA6E1DD60 /* [CP] Embed Pods Frameworks */,
				DFFBD412B2B055BCE8AAFEAE /* [CP] Copy Pods Resources */,
			);
			buildRules = (
			);
			dependencies = (
			);
			name = trace;
			productName = trace;
			productReference = 5174F41E229D0FF500D45601 /* trace.app */;
			productType = "com.apple.product-type.application";
		};
/* End PBXNativeTarget section */

/* Begin PBXProject section */
		5174F416229D0FF500D45601 /* Project object */ = {
			isa = PBXProject;
			attributes = {
				LastSwiftUpdateCheck = 1010;
				LastUpgradeCheck = 1010;
				ORGANIZATIONNAME = NYP;
				TargetAttributes = {
					5174F41D229D0FF500D45601 = {
						CreatedOnToolsVersion = 10.1;
					};
				};
			};
			buildConfigurationList = 5174F419229D0FF500D45601 /* Build configuration list for PBXProject "trace" */;
			compatibilityVersion = "Xcode 9.3";
			developmentRegion = en;
			hasScannedForEncodings = 0;
			knownRegions = (
				en,
				Base,
			);
			mainGroup = 5174F415229D0FF500D45601;
			productRefGroup = 5174F41F229D0FF500D45601 /* Products */;
			projectDirPath = "";
			projectRoot = "";
			targets = (
				5174F41D229D0FF500D45601 /* trace */,
			);
		};
/* End PBXProject section */

/* Begin PBXResourcesBuildPhase section */
		5174F41C229D0FF500D45601 /* Resources */ = {
			isa = PBXResourcesBuildPhase;
			buildActionMask = 2147483647;
			files = (
				5174F42C229D0FF500D45601 /* LaunchScreen.storyboard in Resources */,
				5140F0A422BB5F97007D340A /* GoogleService-Info.plist in Resources */,
				5174F429229D0FF500D45601 /* Assets.xcassets in Resources */,
				5174F427229D0FF500D45601 /* Main.storyboard in Resources */,
			);
			runOnlyForDeploymentPostprocessing = 0;
		};
/* End PBXResourcesBuildPhase section */

/* Begin PBXShellScriptBuildPhase section */
		A9DDBD2D3E228C3731A5FF51 /* [CP] Check Pods Manifest.lock */ = {
			isa = PBXShellScriptBuildPhase;
			buildActionMask = 2147483647;
			files = (
			);
			inputFileListPaths = (
			);
			inputPaths = (
				"${PODS_PODFILE_DIR_PATH}/Podfile.lock",
				"${PODS_ROOT}/Manifest.lock",
			);
			name = "[CP] Check Pods Manifest.lock";
			outputFileListPaths = (
			);
			outputPaths = (
				"$(DERIVED_FILE_DIR)/Pods-trace-checkManifestLockResult.txt",
			);
			runOnlyForDeploymentPostprocessing = 0;
			shellPath = /bin/sh;
			shellScript = "diff \"${PODS_PODFILE_DIR_PATH}/Podfile.lock\" \"${PODS_ROOT}/Manifest.lock\" > /dev/null\nif [ $? != 0 ] ; then\n    # print error to STDERR\n    echo \"error: The sandbox is not in sync with the Podfile.lock. Run 'pod install' or update your CocoaPods installation.\" >&2\n    exit 1\nfi\n# This output is used by Xcode 'outputs' to avoid re-running this script phase.\necho \"SUCCESS\" > \"${SCRIPT_OUTPUT_FILE_0}\"\n";
			showEnvVarsInLog = 0;
		};
		DFFBD412B2B055BCE8AAFEAE /* [CP] Copy Pods Resources */ = {
			isa = PBXShellScriptBuildPhase;
			buildActionMask = 2147483647;
			files = (
			);
			inputFileListPaths = (
				"${PODS_ROOT}/Target Support Files/Pods-trace/Pods-trace-resources-${CONFIGURATION}-input-files.xcfilelist",
			);
			name = "[CP] Copy Pods Resources";
			outputFileListPaths = (
				"${PODS_ROOT}/Target Support Files/Pods-trace/Pods-trace-resources-${CONFIGURATION}-output-files.xcfilelist",
			);
			runOnlyForDeploymentPostprocessing = 0;
			shellPath = /bin/sh;
			shellScript = "\"${PODS_ROOT}/Target Support Files/Pods-trace/Pods-trace-resources.sh\"\n";
			showEnvVarsInLog = 0;
		};
		F108C38EC5ED739EA6E1DD60 /* [CP] Embed Pods Frameworks */ = {
			isa = PBXShellScriptBuildPhase;
			buildActionMask = 2147483647;
			files = (
			);
			inputFileListPaths = (
				"${PODS_ROOT}/Target Support Files/Pods-trace/Pods-trace-frameworks-${CONFIGURATION}-input-files.xcfilelist",
			);
			name = "[CP] Embed Pods Frameworks";
			outputFileListPaths = (
				"${PODS_ROOT}/Target Support Files/Pods-trace/Pods-trace-frameworks-${CONFIGURATION}-output-files.xcfilelist",
			);
			runOnlyForDeploymentPostprocessing = 0;
			shellPath = /bin/sh;
			shellScript = "\"${PODS_ROOT}/Target Support Files/Pods-trace/Pods-trace-frameworks.sh\"\n";
			showEnvVarsInLog = 0;
		};
/* End PBXShellScriptBuildPhase section */

/* Begin PBXSourcesBuildPhase section */
		5174F41A229D0FF500D45601 /* Sources */ = {
			isa = PBXSourcesBuildPhase;
			buildActionMask = 2147483647;
			files = (
				2CEF788E22D44FFE006D6DE1 /* ItineraryViewController.swift in Sources */,
				513BE53E22C9C47000865C08 /* nearby.swift in Sources */,
				2CEF789022D4531B006D6DE1 /* TaskCell.swift in Sources */,
				2C018BEB22D3C67B000BFCCA /* ItineraryTableViewController.swift in Sources */,
				51F3863D22DDA09D00DC5F7A /* detailscontroller.swift in Sources */,
				2C018BEF22D3D54F000BFCCA /* ItineraryStartController.swift in Sources */,
				51EDD9D522D4509D00C20CA1 /* GetWeather.swift in Sources */,
				51A9A7C622A0D3B80038B937 /* FirstViewController.swift in Sources */,
				5174F424229D0FF500D45601 /* ViewController.swift in Sources */,
				5189CA7022E56754000D41C3 /* Day.swift in Sources */,
				2CEF788A22D44FAB006D6DE1 /* ItineraryCell.swift in Sources */,
				2C018BE922D23830000BFCCA /* FreeMapController.swift in Sources */,
				5152AFC522D33B2E0062571B /* MapState.swift in Sources */,
				2CEF788C22D44FCE006D6DE1 /* DayCell.swift in Sources */,
				5174F422229D0FF500D45601 /* AppDelegate.swift in Sources */,
				2C33933222C9C63900A1F87B /* NavigationController.swift in Sources */,
				5189CA7222E56C85000D41C3 /* Task.swift in Sources */,
				517BC63E22C5B108003F5921 /* geocode.swift in Sources */,
				513972DB22D8276E001F9B1D /* FirebaseLogInController.swift in Sources */,
				5128884322CF2CD900EE271C /* CameraController.swift in Sources */,
				2CFF88E122CD2FA600D326C6 /* FirebaseDBController.swift in Sources */,
				51D855A522BA0DF3007A5E7B /* ChatController.swift in Sources */,
				51EDD9D322D2EADA00C20CA1 /* GoogleTranslate.swift in Sources */,
				2C202D8F22CB3E7E00E160BF /* Itinerary.swift in Sources */,
			);
			runOnlyForDeploymentPostprocessing = 0;
		};
/* End PBXSourcesBuildPhase section */

/* Begin PBXVariantGroup section */
		5174F425229D0FF500D45601 /* Main.storyboard */ = {
			isa = PBXVariantGroup;
			children = (
				5174F426229D0FF500D45601 /* Base */,
			);
			name = Main.storyboard;
			sourceTree = "<group>";
		};
		5174F42A229D0FF500D45601 /* LaunchScreen.storyboard */ = {
			isa = PBXVariantGroup;
			children = (
				5174F42B229D0FF500D45601 /* Base */,
			);
			name = LaunchScreen.storyboard;
			sourceTree = "<group>";
		};
/* End PBXVariantGroup section */

/* Begin XCBuildConfiguration section */
		5174F42E229D0FF500D45601 /* Debug */ = {
			isa = XCBuildConfiguration;
			buildSettings = {
				ALWAYS_SEARCH_USER_PATHS = NO;
				CLANG_ANALYZER_NONNULL = YES;
				CLANG_ANALYZER_NUMBER_OBJECT_CONVERSION = YES_AGGRESSIVE;
				CLANG_CXX_LANGUAGE_STANDARD = "gnu++14";
				CLANG_CXX_LIBRARY = "libc++";
				CLANG_ENABLE_MODULES = YES;
				CLANG_ENABLE_OBJC_ARC = YES;
				CLANG_ENABLE_OBJC_WEAK = YES;
				CLANG_WARN_BLOCK_CAPTURE_AUTORELEASING = YES;
				CLANG_WARN_BOOL_CONVERSION = YES;
				CLANG_WARN_COMMA = YES;
				CLANG_WARN_CONSTANT_CONVERSION = YES;
				CLANG_WARN_DEPRECATED_OBJC_IMPLEMENTATIONS = YES;
				CLANG_WARN_DIRECT_OBJC_ISA_USAGE = YES_ERROR;
				CLANG_WARN_DOCUMENTATION_COMMENTS = YES;
				CLANG_WARN_EMPTY_BODY = YES;
				CLANG_WARN_ENUM_CONVERSION = YES;
				CLANG_WARN_INFINITE_RECURSION = YES;
				CLANG_WARN_INT_CONVERSION = YES;
				CLANG_WARN_NON_LITERAL_NULL_CONVERSION = YES;
				CLANG_WARN_OBJC_IMPLICIT_RETAIN_SELF = YES;
				CLANG_WARN_OBJC_LITERAL_CONVERSION = YES;
				CLANG_WARN_OBJC_ROOT_CLASS = YES_ERROR;
				CLANG_WARN_RANGE_LOOP_ANALYSIS = YES;
				CLANG_WARN_STRICT_PROTOTYPES = YES;
				CLANG_WARN_SUSPICIOUS_MOVE = YES;
				CLANG_WARN_UNGUARDED_AVAILABILITY = YES_AGGRESSIVE;
				CLANG_WARN_UNREACHABLE_CODE = YES;
				CLANG_WARN__DUPLICATE_METHOD_MATCH = YES;
				CODE_SIGN_IDENTITY = "iPhone Developer";
				COPY_PHASE_STRIP = NO;
				DEBUG_INFORMATION_FORMAT = dwarf;
				ENABLE_STRICT_OBJC_MSGSEND = YES;
				ENABLE_TESTABILITY = YES;
				GCC_C_LANGUAGE_STANDARD = gnu11;
				GCC_DYNAMIC_NO_PIC = NO;
				GCC_NO_COMMON_BLOCKS = YES;
				GCC_OPTIMIZATION_LEVEL = 0;
				GCC_PREPROCESSOR_DEFINITIONS = (
					"DEBUG=1",
					"$(inherited)",
				);
				GCC_WARN_64_TO_32_BIT_CONVERSION = YES;
				GCC_WARN_ABOUT_RETURN_TYPE = YES_ERROR;
				GCC_WARN_UNDECLARED_SELECTOR = YES;
				GCC_WARN_UNINITIALIZED_AUTOS = YES_AGGRESSIVE;
				GCC_WARN_UNUSED_FUNCTION = YES;
				GCC_WARN_UNUSED_VARIABLE = YES;
				IPHONEOS_DEPLOYMENT_TARGET = 12.1;
				MTL_ENABLE_DEBUG_INFO = INCLUDE_SOURCE;
				MTL_FAST_MATH = YES;
				ONLY_ACTIVE_ARCH = YES;
				SDKROOT = iphoneos;
				SWIFT_ACTIVE_COMPILATION_CONDITIONS = DEBUG;
				SWIFT_OPTIMIZATION_LEVEL = "-Onone";
			};
			name = Debug;
		};
		5174F42F229D0FF500D45601 /* Release */ = {
			isa = XCBuildConfiguration;
			buildSettings = {
				ALWAYS_SEARCH_USER_PATHS = NO;
				CLANG_ANALYZER_NONNULL = YES;
				CLANG_ANALYZER_NUMBER_OBJECT_CONVERSION = YES_AGGRESSIVE;
				CLANG_CXX_LANGUAGE_STANDARD = "gnu++14";
				CLANG_CXX_LIBRARY = "libc++";
				CLANG_ENABLE_MODULES = YES;
				CLANG_ENABLE_OBJC_ARC = YES;
				CLANG_ENABLE_OBJC_WEAK = YES;
				CLANG_WARN_BLOCK_CAPTURE_AUTORELEASING = YES;
				CLANG_WARN_BOOL_CONVERSION = YES;
				CLANG_WARN_COMMA = YES;
				CLANG_WARN_CONSTANT_CONVERSION = YES;
				CLANG_WARN_DEPRECATED_OBJC_IMPLEMENTATIONS = YES;
				CLANG_WARN_DIRECT_OBJC_ISA_USAGE = YES_ERROR;
				CLANG_WARN_DOCUMENTATION_COMMENTS = YES;
				CLANG_WARN_EMPTY_BODY = YES;
				CLANG_WARN_ENUM_CONVERSION = YES;
				CLANG_WARN_INFINITE_RECURSION = YES;
				CLANG_WARN_INT_CONVERSION = YES;
				CLANG_WARN_NON_LITERAL_NULL_CONVERSION = YES;
				CLANG_WARN_OBJC_IMPLICIT_RETAIN_SELF = YES;
				CLANG_WARN_OBJC_LITERAL_CONVERSION = YES;
				CLANG_WARN_OBJC_ROOT_CLASS = YES_ERROR;
				CLANG_WARN_RANGE_LOOP_ANALYSIS = YES;
				CLANG_WARN_STRICT_PROTOTYPES = YES;
				CLANG_WARN_SUSPICIOUS_MOVE = YES;
				CLANG_WARN_UNGUARDED_AVAILABILITY = YES_AGGRESSIVE;
				CLANG_WARN_UNREACHABLE_CODE = YES;
				CLANG_WARN__DUPLICATE_METHOD_MATCH = YES;
				CODE_SIGN_IDENTITY = "iPhone Developer";
				COPY_PHASE_STRIP = NO;
				DEBUG_INFORMATION_FORMAT = "dwarf-with-dsym";
				ENABLE_NS_ASSERTIONS = NO;
				ENABLE_STRICT_OBJC_MSGSEND = YES;
				GCC_C_LANGUAGE_STANDARD = gnu11;
				GCC_NO_COMMON_BLOCKS = YES;
				GCC_WARN_64_TO_32_BIT_CONVERSION = YES;
				GCC_WARN_ABOUT_RETURN_TYPE = YES_ERROR;
				GCC_WARN_UNDECLARED_SELECTOR = YES;
				GCC_WARN_UNINITIALIZED_AUTOS = YES_AGGRESSIVE;
				GCC_WARN_UNUSED_FUNCTION = YES;
				GCC_WARN_UNUSED_VARIABLE = YES;
				IPHONEOS_DEPLOYMENT_TARGET = 12.1;
				MTL_ENABLE_DEBUG_INFO = NO;
				MTL_FAST_MATH = YES;
				SDKROOT = iphoneos;
				SWIFT_COMPILATION_MODE = wholemodule;
				SWIFT_OPTIMIZATION_LEVEL = "-O";
				VALIDATE_PRODUCT = YES;
			};
			name = Release;
		};
		5174F431229D0FF500D45601 /* Debug */ = {
			isa = XCBuildConfiguration;
			baseConfigurationReference = 75C1F50FE0B2B2B4D8D9F175 /* Pods-trace.debug.xcconfig */;
			buildSettings = {
				ASSETCATALOG_COMPILER_APPICON_NAME = AppIcon;
				CODE_SIGN_STYLE = Automatic;
				INFOPLIST_FILE = trace/Info.plist;
				IPHONEOS_DEPLOYMENT_TARGET = 12.1;
				LD_RUNPATH_SEARCH_PATHS = (
					"$(inherited)",
					"@executable_path/Frameworks",
				);
				PRODUCT_BUNDLE_IDENTIFIER = bestapp.trace;
				PRODUCT_NAME = "$(TARGET_NAME)";
				SWIFT_VERSION = 4.2;
				TARGETED_DEVICE_FAMILY = "1,2";
			};
			name = Debug;
		};
		5174F432229D0FF500D45601 /* Release */ = {
			isa = XCBuildConfiguration;
			baseConfigurationReference = 45C2F2CFD0F2A705B1E65211 /* Pods-trace.release.xcconfig */;
			buildSettings = {
				ASSETCATALOG_COMPILER_APPICON_NAME = AppIcon;
				CODE_SIGN_STYLE = Automatic;
				INFOPLIST_FILE = trace/Info.plist;
				IPHONEOS_DEPLOYMENT_TARGET = 12.1;
				LD_RUNPATH_SEARCH_PATHS = (
					"$(inherited)",
					"@executable_path/Frameworks",
				);
				PRODUCT_BUNDLE_IDENTIFIER = bestapp.trace;
				PRODUCT_NAME = "$(TARGET_NAME)";
				SWIFT_VERSION = 4.2;
				TARGETED_DEVICE_FAMILY = "1,2";
			};
			name = Release;
		};
/* End XCBuildConfiguration section */

/* Begin XCConfigurationList section */
		5174F419229D0FF500D45601 /* Build configuration list for PBXProject "trace" */ = {
			isa = XCConfigurationList;
			buildConfigurations = (
				5174F42E229D0FF500D45601 /* Debug */,
				5174F42F229D0FF500D45601 /* Release */,
			);
			defaultConfigurationIsVisible = 0;
			defaultConfigurationName = Release;
		};
		5174F430229D0FF500D45601 /* Build configuration list for PBXNativeTarget "trace" */ = {
			isa = XCConfigurationList;
			buildConfigurations = (
				5174F431229D0FF500D45601 /* Debug */,
				5174F432229D0FF500D45601 /* Release */,
			);
			defaultConfigurationIsVisible = 0;
			defaultConfigurationName = Release;
		};
/* End XCConfigurationList section */
	};
	rootObject = 5174F416229D0FF500D45601 /* Project object */;
}
